
Microsoft Visual Studio Solution File, Format Version 12.00
# Visual Studio Version 16
VisualStudioVersion = 16.0.30204.135
MinimumVisualStudioVersion = 10.0.40219.1
Project("{FAE04EC0-301F-11D3-BF4B-00C04F79EFBC}") = "VirtualRangeCard", "VirtualRangeCard.csproj", "{E4D6A4B4-2230-42C5-80F6-15ECE6D41681}"
EndProject
Global
	GlobalSection(SolutionConfigurationPlatforms) = preSolution
		Debug|Any CPU = Debug|Any CPU
		Release|Any CPU = Release|Any CPU
	EndGlobalSection
	GlobalSection(ProjectConfigurationPlatforms) = postSolution
		{E4D6A4B4-2230-42C5-80F6-15ECE6D41681}.Debug|Any CPU.ActiveCfg = Debug|Any CPU
		{E4D6A4B4-2230-42C5-80F6-15ECE6D41681}.Debug|Any CPU.Build.0 = Debug|Any CPU
		{E4D6A4B4-2230-42C5-80F6-15ECE6D41681}.Release|Any CPU.ActiveCfg = Release|Any CPU
		{E4D6A4B4-2230-42C5-80F6-15ECE6D41681}.Release|Any CPU.Build.0 = Release|Any CPU
	EndGlobalSection
	GlobalSection(SolutionProperties) = preSolution
		HideSolutionNode = FALSE
	EndGlobalSection
	GlobalSection(ExtensibilityGlobals) = postSolution
		SolutionGuid = {01B07222-7A36-45F1-89CD-A5FAECE9DA04}
	EndGlobalSection
EndGlobal
